// !$*UTF8*$!
{
	archiveVersion = 1;
	classes = {
	};
	objectVersion = 46;
	objects = {

/* Begin PBXBuildFile section */
		268EE8AC1BA8A6B300D294E9 /* AppDelegate.m in Sources */ = {isa = PBXBuildFile; fileRef = 268EE8AB1BA8A6B300D294E9 /* AppDelegate.m */; };
		268EE8AF1BA8A6B300D294E9 /* main.m in Sources */ = {isa = PBXBuildFile; fileRef = 268EE8AE1BA8A6B300D294E9 /* main.m */; };
		268EE8B41BA8A6B300D294E9 /* MainMenu.xib in Resources */ = {isa = PBXBuildFile; fileRef = 268EE8B21BA8A6B300D294E9 /* MainMenu.xib */; };
		268EEBD21BA8CC4700D294E9 /* BBB.mov in Resources */ = {isa = PBXBuildFile; fileRef = 268EEBD11BA8CC4700D294E9 /* BBB.mov */; settings = {ASSET_TAGS = (); }; };
		268EEBDA1BA8CCB600D294E9 /* MediaInfoKit.framework in Frameworks */ = {isa = PBXBuildFile; fileRef = 268EEBD81BA8CC9D00D294E9 /* MediaInfoKit.framework */; };
		268EEBDB1BA8CCB600D294E9 /* MediaInfoKit.framework in CopyFiles */ = {isa = PBXBuildFile; fileRef = 268EEBD81BA8CC9D00D294E9 /* MediaInfoKit.framework */; settings = {ATTRIBUTES = (CodeSignOnCopy, RemoveHeadersOnCopy, ); }; };
/* End PBXBuildFile section */

/* Begin PBXContainerItemProxy section */
		268EEBD71BA8CC9D00D294E9 /* PBXContainerItemProxy */ = {
			isa = PBXContainerItemProxy;
			containerPortal = 268EEBD31BA8CC9D00D294E9 /* MediaInfoKit.xcodeproj */;
			proxyType = 2;
			remoteGlobalIDString = 268EEB051BA8C79B00D294E9;
			remoteInfo = MediaInfoKit;
		};
		268EEBDC1BA8CCB600D294E9 /* PBXContainerItemProxy */ = {
			isa = PBXContainerItemProxy;
			containerPortal = 268EEBD31BA8CC9D00D294E9 /* MediaInfoKit.xcodeproj */;
			proxyType = 1;
			remoteGlobalIDString = 268EEB041BA8C79B00D294E9;
			remoteInfo = MediaInfoKit;
		};
/* End PBXContainerItemProxy section */

/* Begin PBXCopyFilesBuildPhase section */
		268EEA391BA8AA0A00D294E9 /* CopyFiles */ = {
			isa = PBXCopyFilesBuildPhase;
			buildActionMask = 12;
			dstPath = "";
			dstSubfolderSpec = 10;
			files = (
				268EEBDB1BA8CCB600D294E9 /* MediaInfoKit.framework in CopyFiles */,
			);
			runOnlyForDeploymentPostprocessing = 0;
		};
/* End PBXCopyFilesBuildPhase section */

/* Begin PBXFileReference section */
		268EE8A71BA8A6B300D294E9 /* MediaInfoDemo-Objc.app */ = {isa = PBXFileReference; explicitFileType = wrapper.application; includeInIndex = 0; path = "MediaInfoDemo-Objc.app"; sourceTree = BUILT_PRODUCTS_DIR; };
		268EE8AA1BA8A6B300D294E9 /* AppDelegate.h */ = {isa = PBXFileReference; lastKnownFileType = sourcecode.c.h; path = AppDelegate.h; sourceTree = "<group>"; };
		268EE8AB1BA8A6B300D294E9 /* AppDelegate.m */ = {isa = PBXFileReference; lastKnownFileType = sourcecode.c.objc; path = AppDelegate.m; sourceTree = "<group>"; };
		268EE8AE1BA8A6B300D294E9 /* main.m */ = {isa = PBXFileReference; lastKnownFileType = sourcecode.c.objc; path = main.m; sourceTree = "<group>"; };
		268EE8B31BA8A6B300D294E9 /* Base */ = {isa = PBXFileReference; lastKnownFileType = file.xib; name = Base; path = Base.lproj/MainMenu.xib; sourceTree = "<group>"; };
		268EE8B51BA8A6B300D294E9 /* Info.plist */ = {isa = PBXFileReference; lastKnownFileType = text.plist.xml; path = Info.plist; sourceTree = "<group>"; };
		268EEBD11BA8CC4700D294E9 /* BBB.mov */ = {isa = PBXFileReference; lastKnownFileType = video.quicktime; path = BBB.mov; sourceTree = SOURCE_ROOT; };
		268EEBD31BA8CC9D00D294E9 /* MediaInfoKit.xcodeproj */ = {isa = PBXFileReference; lastKnownFileType = "wrapper.pb-project"; name = MediaInfoKit.xcodeproj; path = ../MediaInfoKit.xcodeproj; sourceTree = "<group>"; };
/* End PBXFileReference section */

/* Begin PBXFrameworksBuildPhase section */
		268EE8A41BA8A6B300D294E9 /* Frameworks */ = {
			isa = PBXFrameworksBuildPhase;
			buildActionMask = 2147483647;
			files = (
				268EEBDA1BA8CCB600D294E9 /* MediaInfoKit.framework in Frameworks */,
			);
			runOnlyForDeploymentPostprocessing = 0;
		};
/* End PBXFrameworksBuildPhase section */

/* Begin PBXGroup section */
		268EE89E1BA8A6B300D294E9 = {
			isa = PBXGroup;
			children = (
				268EE8A91BA8A6B300D294E9 /* MediaInfoDemo */,
				268EEBD91BA8CCA000D294E9 /* Frameworks */,
				268EE8A81BA8A6B300D294E9 /* Products */,
			);
			sourceTree = "<group>";
		};
		268EE8A81BA8A6B300D294E9 /* Products */ = {
			isa = PBXGroup;
			children = (
				268EE8A71BA8A6B300D294E9 /* MediaInfoDemo-Objc.app */,
			);
			name = Products;
			sourceTree = "<group>";
		};
		268EE8A91BA8A6B300D294E9 /* MediaInfoDemo */ = {
			isa = PBXGroup;
			children = (
				268EEBD11BA8CC4700D294E9 /* BBB.mov */,
				268EE8AA1BA8A6B300D294E9 /* AppDelegate.h */,
				268EE8AB1BA8A6B300D294E9 /* AppDelegate.m */,
				268EE8B21BA8A6B300D294E9 /* MainMenu.xib */,
				268EE8B51BA8A6B300D294E9 /* Info.plist */,
				268EE8AE1BA8A6B300D294E9 /* main.m */,
			);
			name = MediaInfoDemo;
			path = "MediaInfoDemo-Objc";
			sourceTree = "<group>";
		};
		268EEBD41BA8CC9D00D294E9 /* Products */ = {
			isa = PBXGroup;
			children = (
				268EEBD81BA8CC9D00D294E9 /* MediaInfoKit.framework */,
			);
			name = Products;
			sourceTree = "<group>";
		};
		268EEBD91BA8CCA000D294E9 /* Frameworks */ = {
			isa = PBXGroup;
			children = (
				268EEBD31BA8CC9D00D294E9 /* MediaInfoKit.xcodeproj */,
			);
			name = Frameworks;
			sourceTree = "<group>";
		};
/* End PBXGroup section */

/* Begin PBXNativeTarget section */
		268EE8A61BA8A6B300D294E9 /* MediaInfoDemo-Objc */ = {
			isa = PBXNativeTarget;
			buildConfigurationList = 268EE8B81BA8A6B300D294E9 /* Build configuration list for PBXNativeTarget "MediaInfoDemo-Objc" */;
			buildPhases = (
				268EE8A31BA8A6B300D294E9 /* Sources */,
				268EE8A41BA8A6B300D294E9 /* Frameworks */,
				268EE8A51BA8A6B300D294E9 /* Resources */,
				268EEA391BA8AA0A00D294E9 /* CopyFiles */,
			);
			buildRules = (
			);
			dependencies = (
				268EEBDD1BA8CCB600D294E9 /* PBXTargetDependency */,
			);
			name = "MediaInfoDemo-Objc";
			productName = "MediaInfoDemo-Objc";
			productReference = 268EE8A71BA8A6B300D294E9 /* MediaInfoDemo-Objc.app */;
			productType = "com.apple.product-type.application";
		};
/* End PBXNativeTarget section */

/* Begin PBXProject section */
		268EE89F1BA8A6B300D294E9 /* Project object */ = {
			isa = PBXProject;
			attributes = {
				LastUpgradeCheck = 0700;
				ORGANIZATIONNAME = "Jeremy Vizzini";
				TargetAttributes = {
					268EE8A61BA8A6B300D294E9 = {
						CreatedOnToolsVersion = 7.0;
					};
				};
			};
			buildConfigurationList = 268EE8A21BA8A6B300D294E9 /* Build configuration list for PBXProject "MediaInfoDemo-Objc" */;
			compatibilityVersion = "Xcode 3.2";
			developmentRegion = English;
			hasScannedForEncodings = 0;
			knownRegions = (
				en,
				Base,
			);
			mainGroup = 268EE89E1BA8A6B300D294E9;
			productRefGroup = 268EE8A81BA8A6B300D294E9 /* Products */;
			projectDirPath = "";
			projectReferences = (
				{
					ProductGroup = 268EEBD41BA8CC9D00D294E9 /* Products */;
					ProjectRef = 268EEBD31BA8CC9D00D294E9 /* MediaInfoKit.xcodeproj */;
				},
			);
			projectRoot = "";
			targets = (
				268EE8A61BA8A6B300D294E9 /* MediaInfoDemo-Objc */,
			);
		};
/* End PBXProject section */

/* Begin PBXReferenceProxy section */
		268EEBD81BA8CC9D00D294E9 /* MediaInfoKit.framework */ = {
			isa = PBXReferenceProxy;
			fileType = wrapper.framework;
			path = MediaInfoKit.framework;
			remoteRef = 268EEBD71BA8CC9D00D294E9 /* PBXContainerItemProxy */;
			sourceTree = BUILT_PRODUCTS_DIR;
		};
/* End PBXReferenceProxy section */

/* Begin PBXResourcesBuildPhase section */
		268EE8A51BA8A6B300D294E9 /* Resources */ = {
			isa = PBXResourcesBuildPhase;
			buildActionMask = 2147483647;
			files = (
				268EE8B41BA8A6B300D294E9 /* MainMenu.xib in Resources */,
				268EEBD21BA8CC4700D294E9 /* BBB.mov in Resources */,
			);
			runOnlyForDeploymentPostprocessing = 0;
		};
/* End PBXResourcesBuildPhase section */

/* Begin PBXSourcesBuildPhase section */
		268EE8A31BA8A6B300D294E9 /* Sources */ = {
			isa = PBXSourcesBuildPhase;
			buildActionMask = 2147483647;
			files = (
				268EE8AF1BA8A6B300D294E9 /* main.m in Sources */,
				268EE8AC1BA8A6B300D294E9 /* AppDelegate.m in Sources */,
			);
			runOnlyForDeploymentPostprocessing = 0;
		};
/* End PBXSourcesBuildPhase section */

/* Begin PBXTargetDependency section */
		268EEBDD1BA8CCB600D294E9 /* PBXTargetDependency */ = {
			isa = PBXTargetDependency;
			name = MediaInfoKit;
			targetProxy = 268EEBDC1BA8CCB600D294E9 /* PBXContainerItemProxy */;
		};
/* End PBXTargetDependency section */

/* Begin PBXVariantGroup section */
		268EE8B21BA8A6B300D294E9 /* MainMenu.xib */ = {
			isa = PBXVariantGroup;
			children = (
				268EE8B31BA8A6B300D294E9 /* Base */,
			);
			name = MainMenu.xib;
			sourceTree = "<group>";
		};
/* End PBXVariantGroup section */

/* Begin XCBuildConfiguration section */
		268EE8B61BA8A6B300D294E9 /* Debug */ = {
			isa = XCBuildConfiguration;
			buildSettings = {
				ALWAYS_SEARCH_USER_PATHS = NO;
				CLANG_CXX_LANGUAGE_STANDARD = "gnu++0x";
				CLANG_CXX_LIBRARY = "libc++";
				CLANG_ENABLE_MODULES = YES;
				CLANG_ENABLE_OBJC_ARC = YES;
				CLANG_WARN_BOOL_CONVERSION = YES;
				CLANG_WARN_CONSTANT_CONVERSION = YES;
				CLANG_WARN_DIRECT_OBJC_ISA_USAGE = YES_ERROR;
				CLANG_WARN_EMPTY_BODY = YES;
				CLANG_WARN_ENUM_CONVERSION = YES;
				CLANG_WARN_INT_CONVERSION = YES;
				CLANG_WARN_OBJC_ROOT_CLASS = YES_ERROR;
				CLANG_WARN_UNREACHABLE_CODE = YES;
				CLANG_WARN__DUPLICATE_METHOD_MATCH = YES;
				CODE_SIGN_IDENTITY = "-";
				COPY_PHASE_STRIP = NO;
				DEBUG_INFORMATION_FORMAT = dwarf;
				ENABLE_STRICT_OBJC_MSGSEND = YES;
				ENABLE_TESTABILITY = YES;
				GCC_C_LANGUAGE_STANDARD = gnu99;
				GCC_DYNAMIC_NO_PIC = NO;
				GCC_NO_COMMON_BLOCKS = YES;
				GCC_OPTIMIZATION_LEVEL = 0;
				GCC_PREPROCESSOR_DEFINITIONS = (
					"DEBUG=1",
					"$(inherited)",
				);
				GCC_WARN_64_TO_32_BIT_CONVERSION = YES;
				GCC_WARN_ABOUT_RETURN_TYPE = YES_ERROR;
				GCC_WARN_UNDECLARED_SELECTOR = YES;
				GCC_WARN_UNINITIALIZED_AUTOS = YES_AGGRESSIVE;
				GCC_WARN_UNUSED_FUNCTION = YES;
				GCC_WARN_UNUSED_VARIABLE = YES;
				MACOSX_DEPLOYMENT_TARGET = 10.11;
				MTL_ENABLE_DEBUG_INFO = YES;
				ONLY_ACTIVE_ARCH = YES;
				SDKROOT = macosx;
			};
			name = Debug;
		};
		268EE8B71BA8A6B300D294E9 /* Release */ = {
			isa = XCBuildConfiguration;
			buildSettings = {
				ALWAYS_SEARCH_USER_PATHS = NO;
				CLANG_CXX_LANGUAGE_STANDARD = "gnu++0x";
				CLANG_CXX_LIBRARY = "libc++";
				CLANG_ENABLE_MODULES = YES;
				CLANG_ENABLE_OBJC_ARC = YES;
				CLANG_WARN_BOOL_CONVERSION = YES;
				CLANG_WARN_CONSTANT_CONVERSION = YES;
				CLANG_WARN_DIRECT_OBJC_ISA_USAGE = YES_ERROR;
				CLANG_WARN_EMPTY_BODY = YES;
				CLANG_WARN_ENUM_CONVERSION = YES;
				CLANG_WARN_INT_CONVERSION = YES;
				CLANG_WARN_OBJC_ROOT_CLASS = YES_ERROR;
				CLANG_WARN_UNREACHABLE_CODE = YES;
				CLANG_WARN__DUPLICATE_METHOD_MATCH = YES;
				CODE_SIGN_IDENTITY = "-";
				COPY_PHASE_STRIP = NO;
				DEBUG_INFORMATION_FORMAT = "dwarf-with-dsym";
				ENABLE_NS_ASSERTIONS = NO;
				ENABLE_STRICT_OBJC_MSGSEND = YES;
				GCC_C_LANGUAGE_STANDARD = gnu99;
				GCC_NO_COMMON_BLOCKS = YES;
				GCC_WARN_64_TO_32_BIT_CONVERSION = YES;
				GCC_WARN_ABOUT_RETURN_TYPE = YES_ERROR;
				GCC_WARN_UNDECLARED_SELECTOR = YES;
				GCC_WARN_UNINITIALIZED_AUTOS = YES_AGGRESSIVE;
				GCC_WARN_UNUSED_FUNCTION = YES;
				GCC_WARN_UNUSED_VARIABLE = YES;
				MACOSX_DEPLOYMENT_TARGET = 10.11;
				MTL_ENABLE_DEBUG_INFO = NO;
				SDKROOT = macosx;
			};
			name = Release;
		};
		268EE8B91BA8A6B300D294E9 /* Debug */ = {
			isa = XCBuildConfiguration;
			buildSettings = {
				CODE_SIGN_IDENTITY = "Developer ID Application";
				COMBINE_HIDPI_IMAGES = YES;
				INFOPLIST_FILE = "MediaInfoDemo-Objc/Info.plist";
				LD_RUNPATH_SEARCH_PATHS = "$(inherited) @executable_path/../Frameworks";
				LIBRARY_SEARCH_PATHS = "";
				MACOSX_DEPLOYMENT_TARGET = 10.8;
				PRODUCT_BUNDLE_IDENTIFIER = "com.jeremyvizzini.com.MediaInfoDemo-Objc";
				PRODUCT_NAME = "$(TARGET_NAME)";
			};
			name = Debug;
		};
		268EE8BA1BA8A6B300D294E9 /* Release */ = {
			isa = XCBuildConfiguration;
			buildSettings = {
				CODE_SIGN_IDENTITY = "Developer ID Application";
				COMBINE_HIDPI_IMAGES = YES;
				INFOPLIST_FILE = "MediaInfoDemo-Objc/Info.plist";
				LD_RUNPATH_SEARCH_PATHS = "$(inherited) @executable_path/../Frameworks";
				LIBRARY_SEARCH_PATHS = "";
				MACOSX_DEPLOYMENT_TARGET = 10.8;
				PRODUCT_BUNDLE_IDENTIFIER = "com.jeremyvizzini.com.MediaInfoDemo-Objc";
				PRODUCT_NAME = "$(TARGET_NAME)";
			};
			name = Release;
		};
/* End XCBuildConfiguration section */

/* Begin XCConfigurationList section */
		268EE8A21BA8A6B300D294E9 /* Build configuration list for PBXProject "MediaInfoDemo-Objc" */ = {
			isa = XCConfigurationList;
			buildConfigurations = (
				268EE8B61BA8A6B300D294E9 /* Debug */,
				268EE8B71BA8A6B300D294E9 /* Release */,
			);
			defaultConfigurationIsVisible = 0;
			defaultConfigurationName = Release;
		};
		268EE8B81BA8A6B300D294E9 /* Build configuration list for PBXNativeTarget "MediaInfoDemo-Objc" */ = {
			isa = XCConfigurationList;
			buildConfigurations = (
				268EE8B91BA8A6B300D294E9 /* Debug */,
				268EE8BA1BA8A6B300D294E9 /* Release */,
			);
			defaultConfigurationIsVisible = 0;
			defaultConfigurationName = Release;
		};
/* End XCConfigurationList section */
	};
	rootObject = 268EE89F1BA8A6B300D294E9 /* Project object */;
}
