// !$*UTF8*$!
{
	archiveVersion = 1;
	classes = {
	};
	objectVersion = 46;
	objects = {

/* Begin PBXBuildFile section */
		1EA3D9311C7A1CEB00DBFB23 /* MediaInfoKit.framework in Frameworks */ = {isa = PBXBuildFile; fileRef = 1EA3D92B1C7956E400DBFB23 /* MediaInfoKit.framework */; };
		1EA3D9331C7A1D4600DBFB23 /* MediaInfoKit.framework in CopyFiles */ = {isa = PBXBuildFile; fileRef = 1EA3D92B1C7956E400DBFB23 /* MediaInfoKit.framework */; settings = {ATTRIBUTES = (CodeSignOnCopy, RemoveHeadersOnCopy, ); }; };
		26D2B8CB1C8E23C900267B27 /* AppDelegate.m in Sources */ = {isa = PBXBuildFile; fileRef = 26D2B8BF1C8E23C900267B27 /* AppDelegate.m */; };
		26D2B8CD1C8E23C900267B27 /* Main.storyboard in Resources */ = {isa = PBXBuildFile; fileRef = 26D2B8C21C8E23C900267B27 /* Main.storyboard */; };
		26D2B8CE1C8E23C900267B27 /* Document.m in Sources */ = {isa = PBXBuildFile; fileRef = 26D2B8C51C8E23C900267B27 /* Document.m */; };
		26D2B8D01C8E23C900267B27 /* main.m in Sources */ = {isa = PBXBuildFile; fileRef = 26D2B8C71C8E23C900267B27 /* main.m */; };
		26D2B8D21C8E23C900267B27 /* ViewController.m in Sources */ = {isa = PBXBuildFile; fileRef = 26D2B8CA1C8E23C900267B27 /* ViewController.m */; };
/* End PBXBuildFile section */

/* Begin PBXContainerItemProxy section */
		1EA3D92A1C7956E400DBFB23 /* PBXContainerItemProxy */ = {
			isa = PBXContainerItemProxy;
			containerPortal = 1EA3D9261C7956E400DBFB23 /* MediaInfoKit.xcodeproj */;
			proxyType = 2;
			remoteGlobalIDString = 268EEB051BA8C79B00D294E9;
			remoteInfo = MediaInfoKit;
		};
		1EA3D92F1C7A1C6C00DBFB23 /* PBXContainerItemProxy */ = {
			isa = PBXContainerItemProxy;
			containerPortal = 1EA3D9261C7956E400DBFB23 /* MediaInfoKit.xcodeproj */;
			proxyType = 1;
			remoteGlobalIDString = 268EEB041BA8C79B00D294E9;
			remoteInfo = MediaInfoKit;
		};
/* End PBXContainerItemProxy section */

/* Begin PBXCopyFilesBuildPhase section */
		1EA3D9321C7A1D3A00DBFB23 /* CopyFiles */ = {
			isa = PBXCopyFilesBuildPhase;
			buildActionMask = 2147483647;
			dstPath = "";
			dstSubfolderSpec = 10;
			files = (
				1EA3D9331C7A1D4600DBFB23 /* MediaInfoKit.framework in CopyFiles */,
			);
			runOnlyForDeploymentPostprocessing = 0;
		};
/* End PBXCopyFilesBuildPhase section */

/* Begin PBXFileReference section */
		1E0419B21C76EAE700877DA5 /* MediaInfoDemo-ObjC.app */ = {isa = PBXFileReference; explicitFileType = wrapper.application; includeInIndex = 0; path = "MediaInfoDemo-ObjC.app"; sourceTree = BUILT_PRODUCTS_DIR; };
		1EA3D9261C7956E400DBFB23 /* MediaInfoKit.xcodeproj */ = {isa = PBXFileReference; lastKnownFileType = "wrapper.pb-project"; name = MediaInfoKit.xcodeproj; path = ../MediaInfoKit.xcodeproj; sourceTree = "<group>"; };
		26D2B8BE1C8E23C900267B27 /* AppDelegate.h */ = {isa = PBXFileReference; fileEncoding = 4; lastKnownFileType = sourcecode.c.h; name = AppDelegate.h; path = "MediaInfoDemo-ObjC/AppDelegate.h"; sourceTree = SOURCE_ROOT; };
		26D2B8BF1C8E23C900267B27 /* AppDelegate.m */ = {isa = PBXFileReference; fileEncoding = 4; lastKnownFileType = sourcecode.c.objc; name = AppDelegate.m; path = "MediaInfoDemo-ObjC/AppDelegate.m"; sourceTree = SOURCE_ROOT; };
		26D2B8C31C8E23C900267B27 /* Base */ = {isa = PBXFileReference; lastKnownFileType = file.storyboard; name = Base; path = Main.storyboard; sourceTree = "<group>"; };
		26D2B8C41C8E23C900267B27 /* Document.h */ = {isa = PBXFileReference; fileEncoding = 4; lastKnownFileType = sourcecode.c.h; name = Document.h; path = "MediaInfoDemo-ObjC/Document.h"; sourceTree = SOURCE_ROOT; };
		26D2B8C51C8E23C900267B27 /* Document.m */ = {isa = PBXFileReference; fileEncoding = 4; lastKnownFileType = sourcecode.c.objc; name = Document.m; path = "MediaInfoDemo-ObjC/Document.m"; sourceTree = SOURCE_ROOT; };
		26D2B8C61C8E23C900267B27 /* Info.plist */ = {isa = PBXFileReference; fileEncoding = 4; lastKnownFileType = text.plist.xml; name = Info.plist; path = "MediaInfoDemo-ObjC/Info.plist"; sourceTree = SOURCE_ROOT; };
		26D2B8C71C8E23C900267B27 /* main.m */ = {isa = PBXFileReference; fileEncoding = 4; lastKnownFileType = sourcecode.c.objc; name = main.m; path = "MediaInfoDemo-ObjC/main.m"; sourceTree = SOURCE_ROOT; };
		26D2B8C91C8E23C900267B27 /* ViewController.h */ = {isa = PBXFileReference; fileEncoding = 4; lastKnownFileType = sourcecode.c.h; name = ViewController.h; path = "MediaInfoDemo-ObjC/ViewController.h"; sourceTree = SOURCE_ROOT; };
		26D2B8CA1C8E23C900267B27 /* ViewController.m */ = {isa = PBXFileReference; fileEncoding = 4; lastKnownFileType = sourcecode.c.objc; name = ViewController.m; path = "MediaInfoDemo-ObjC/ViewController.m"; sourceTree = SOURCE_ROOT; };
		26D2B8D31C8E243C00267B27 /* MediaInfoDemo.entitlements */ = {isa = PBXFileReference; lastKnownFileType = text.xml; name = MediaInfoDemo.entitlements; path = "MediaInfoDemo-ObjC/MediaInfoDemo.entitlements"; sourceTree = "<group>"; };
/* End PBXFileReference section */

/* Begin PBXFrameworksBuildPhase section */
		1E0419AF1C76EAE700877DA5 /* Frameworks */ = {
			isa = PBXFrameworksBuildPhase;
			buildActionMask = 2147483647;
			files = (
				1EA3D9311C7A1CEB00DBFB23 /* MediaInfoKit.framework in Frameworks */,
			);
			runOnlyForDeploymentPostprocessing = 0;
		};
/* End PBXFrameworksBuildPhase section */

/* Begin PBXGroup section */
		1E0419A91C76EAE700877DA5 = {
			isa = PBXGroup;
			children = (
				26D2B8D31C8E243C00267B27 /* MediaInfoDemo.entitlements */,
				26D2B89E1C8E1E9100267B27 /* MediaInfoDemo */,
				1E0419B31C76EAE700877DA5 /* Products */,
				1EA3D9251C7956D800DBFB23 /* Frameworks */,
			);
			sourceTree = "<group>";
		};
		1E0419B31C76EAE700877DA5 /* Products */ = {
			isa = PBXGroup;
			children = (
				1E0419B21C76EAE700877DA5 /* MediaInfoDemo-ObjC.app */,
			);
			name = Products;
			sourceTree = "<group>";
		};
		1EA3D9251C7956D800DBFB23 /* Frameworks */ = {
			isa = PBXGroup;
			children = (
				1EA3D9261C7956E400DBFB23 /* MediaInfoKit.xcodeproj */,
			);
			name = Frameworks;
			sourceTree = "<group>";
		};
		1EA3D9271C7956E400DBFB23 /* Products */ = {
			isa = PBXGroup;
			children = (
				1EA3D92B1C7956E400DBFB23 /* MediaInfoKit.framework */,
			);
			name = Products;
			sourceTree = "<group>";
		};
		26D2B89E1C8E1E9100267B27 /* MediaInfoDemo */ = {
			isa = PBXGroup;
			children = (
				26D2B8BE1C8E23C900267B27 /* AppDelegate.h */,
				26D2B8BF1C8E23C900267B27 /* AppDelegate.m */,
				26D2B8C41C8E23C900267B27 /* Document.h */,
				26D2B8C51C8E23C900267B27 /* Document.m */,
				26D2B8C91C8E23C900267B27 /* ViewController.h */,
				26D2B8CA1C8E23C900267B27 /* ViewController.m */,
				26D2B8C11C8E23C900267B27 /* Base.lproj */,
				26D2B8C61C8E23C900267B27 /* Info.plist */,
				26D2B8C71C8E23C900267B27 /* main.m */,
			);
			name = MediaInfoDemo;
			path = "MediaInfoDemo-Multi";
			sourceTree = "<group>";
		};
		26D2B8C11C8E23C900267B27 /* Base.lproj */ = {
			isa = PBXGroup;
			children = (
				26D2B8C21C8E23C900267B27 /* Main.storyboard */,
			);
			name = Base.lproj;
			path = "MediaInfoDemo-ObjC/Base.lproj";
			sourceTree = SOURCE_ROOT;
		};
/* End PBXGroup section */

/* Begin PBXNativeTarget section */
		1E0419B11C76EAE700877DA5 /* MediaInfoDemo-ObjC */ = {
			isa = PBXNativeTarget;
			buildConfigurationList = 1E0419C91C76EAE700877DA5 /* Build configuration list for PBXNativeTarget "MediaInfoDemo-ObjC" */;
			buildPhases = (
				1E0419AE1C76EAE700877DA5 /* Sources */,
				1E0419AF1C76EAE700877DA5 /* Frameworks */,
				1E0419B01C76EAE700877DA5 /* Resources */,
				1EA3D9321C7A1D3A00DBFB23 /* CopyFiles */,
			);
			buildRules = (
			);
			dependencies = (
				1EA3D9301C7A1C6C00DBFB23 /* PBXTargetDependency */,
			);
			name = "MediaInfoDemo-ObjC";
			productName = "MediaInfo Document";
			productReference = 1E0419B21C76EAE700877DA5 /* MediaInfoDemo-ObjC.app */;
			productType = "com.apple.product-type.application";
		};
/* End PBXNativeTarget section */

/* Begin PBXProject section */
		1E0419AA1C76EAE700877DA5 /* Project object */ = {
			isa = PBXProject;
			attributes = {
				LastUpgradeCheck = 0720;
				ORGANIZATIONNAME = "Hugh Mackworth";
				TargetAttributes = {
					1E0419B11C76EAE700877DA5 = {
						CreatedOnToolsVersion = 7.2.1;
						SystemCapabilities = {
							com.apple.Sandbox = {
								enabled = 1;
							};
						};
					};
				};
			};
			buildConfigurationList = 1E0419AD1C76EAE700877DA5 /* Build configuration list for PBXProject "MediaInfoDemo-ObjC" */;
			compatibilityVersion = "Xcode 3.2";
			developmentRegion = English;
			hasScannedForEncodings = 0;
			knownRegions = (
				en,
				Base,
			);
			mainGroup = 1E0419A91C76EAE700877DA5;
			productRefGroup = 1E0419B31C76EAE700877DA5 /* Products */;
			projectDirPath = "";
			projectReferences = (
				{
					ProductGroup = 1EA3D9271C7956E400DBFB23 /* Products */;
					ProjectRef = 1EA3D9261C7956E400DBFB23 /* MediaInfoKit.xcodeproj */;
				},
			);
			projectRoot = "";
			targets = (
				1E0419B11C76EAE700877DA5 /* MediaInfoDemo-ObjC */,
			);
		};
/* End PBXProject section */

/* Begin PBXReferenceProxy section */
		1EA3D92B1C7956E400DBFB23 /* MediaInfoKit.framework */ = {
			isa = PBXReferenceProxy;
			fileType = wrapper.framework;
			path = MediaInfoKit.framework;
			remoteRef = 1EA3D92A1C7956E400DBFB23 /* PBXContainerItemProxy */;
			sourceTree = BUILT_PRODUCTS_DIR;
		};
/* End PBXReferenceProxy section */

/* Begin PBXResourcesBuildPhase section */
		1E0419B01C76EAE700877DA5 /* Resources */ = {
			isa = PBXResourcesBuildPhase;
			buildActionMask = 2147483647;
			files = (
				26D2B8CD1C8E23C900267B27 /* Main.storyboard in Resources */,
			);
			runOnlyForDeploymentPostprocessing = 0;
		};
/* End PBXResourcesBuildPhase section */

/* Begin PBXSourcesBuildPhase section */
		1E0419AE1C76EAE700877DA5 /* Sources */ = {
			isa = PBXSourcesBuildPhase;
			buildActionMask = 2147483647;
			files = (
				26D2B8CE1C8E23C900267B27 /* Document.m in Sources */,
				26D2B8D01C8E23C900267B27 /* main.m in Sources */,
				26D2B8D21C8E23C900267B27 /* ViewController.m in Sources */,
				26D2B8CB1C8E23C900267B27 /* AppDelegate.m in Sources */,
			);
			runOnlyForDeploymentPostprocessing = 0;
		};
/* End PBXSourcesBuildPhase section */

/* Begin PBXTargetDependency section */
		1EA3D9301C7A1C6C00DBFB23 /* PBXTargetDependency */ = {
			isa = PBXTargetDependency;
			name = MediaInfoKit;
			targetProxy = 1EA3D92F1C7A1C6C00DBFB23 /* PBXContainerItemProxy */;
		};
/* End PBXTargetDependency section */

/* Begin PBXVariantGroup section */
		26D2B8C21C8E23C900267B27 /* Main.storyboard */ = {
			isa = PBXVariantGroup;
			children = (
				26D2B8C31C8E23C900267B27 /* Base */,
			);
			name = Main.storyboard;
			sourceTree = "<group>";
		};
/* End PBXVariantGroup section */

/* Begin XCBuildConfiguration section */
		1E0419C71C76EAE700877DA5 /* Debug */ = {
			isa = XCBuildConfiguration;
			buildSettings = {
				ALWAYS_SEARCH_USER_PATHS = YES;
				CLANG_CXX_LANGUAGE_STANDARD = "gnu++0x";
				CLANG_CXX_LIBRARY = "libc++";
				CLANG_ENABLE_MODULES = YES;
				CLANG_ENABLE_OBJC_ARC = YES;
				CLANG_WARN_BOOL_CONVERSION = YES;
				CLANG_WARN_CONSTANT_CONVERSION = YES;
				CLANG_WARN_DIRECT_OBJC_ISA_USAGE = YES_ERROR;
				CLANG_WARN_EMPTY_BODY = YES;
				CLANG_WARN_ENUM_CONVERSION = YES;
				CLANG_WARN_INT_CONVERSION = YES;
				CLANG_WARN_OBJC_ROOT_CLASS = YES_ERROR;
				CLANG_WARN_UNREACHABLE_CODE = YES;
				CLANG_WARN__DUPLICATE_METHOD_MATCH = YES;
				CODE_SIGN_IDENTITY = "-";
				COPY_PHASE_STRIP = NO;
				DEBUG_INFORMATION_FORMAT = dwarf;
				ENABLE_STRICT_OBJC_MSGSEND = YES;
				ENABLE_TESTABILITY = YES;
				GCC_C_LANGUAGE_STANDARD = gnu99;
				GCC_DYNAMIC_NO_PIC = NO;
				GCC_NO_COMMON_BLOCKS = YES;
				GCC_OPTIMIZATION_LEVEL = 0;
				GCC_PREPROCESSOR_DEFINITIONS = (
					"DEBUG=1",
					"$(inherited)",
				);
				GCC_WARN_64_TO_32_BIT_CONVERSION = YES;
				GCC_WARN_ABOUT_RETURN_TYPE = YES_ERROR;
				GCC_WARN_UNDECLARED_SELECTOR = YES;
				GCC_WARN_UNINITIALIZED_AUTOS = YES_AGGRESSIVE;
				GCC_WARN_UNUSED_FUNCTION = YES;
				GCC_WARN_UNUSED_VARIABLE = YES;
				HEADER_SEARCH_PATHS = "\"$(BUILD_ROOT)/../IntermediateBuildFilesPath/UninstalledProducts\"";
				MACOSX_DEPLOYMENT_TARGET = 10.10;
				MTL_ENABLE_DEBUG_INFO = YES;
				ONLY_ACTIVE_ARCH = YES;
				SDKROOT = macosx;
			};
			name = Debug;
		};
		1E0419C81C76EAE700877DA5 /* Release */ = {
			isa = XCBuildConfiguration;
			buildSettings = {
				ALWAYS_SEARCH_USER_PATHS = YES;
				CLANG_CXX_LANGUAGE_STANDARD = "gnu++0x";
				CLANG_CXX_LIBRARY = "libc++";
				CLANG_ENABLE_MODULES = YES;
				CLANG_ENABLE_OBJC_ARC = YES;
				CLANG_WARN_BOOL_CONVERSION = YES;
				CLANG_WARN_CONSTANT_CONVERSION = YES;
				CLANG_WARN_DIRECT_OBJC_ISA_USAGE = YES_ERROR;
				CLANG_WARN_EMPTY_BODY = YES;
				CLANG_WARN_ENUM_CONVERSION = YES;
				CLANG_WARN_INT_CONVERSION = YES;
				CLANG_WARN_OBJC_ROOT_CLASS = YES_ERROR;
				CLANG_WARN_UNREACHABLE_CODE = YES;
				CLANG_WARN__DUPLICATE_METHOD_MATCH = YES;
				CODE_SIGN_IDENTITY = "-";
				COPY_PHASE_STRIP = NO;
				DEBUG_INFORMATION_FORMAT = "dwarf-with-dsym";
				ENABLE_NS_ASSERTIONS = NO;
				ENABLE_STRICT_OBJC_MSGSEND = YES;
				GCC_C_LANGUAGE_STANDARD = gnu99;
				GCC_NO_COMMON_BLOCKS = YES;
				GCC_WARN_64_TO_32_BIT_CONVERSION = YES;
				GCC_WARN_ABOUT_RETURN_TYPE = YES_ERROR;
				GCC_WARN_UNDECLARED_SELECTOR = YES;
				GCC_WARN_UNINITIALIZED_AUTOS = YES_AGGRESSIVE;
				GCC_WARN_UNUSED_FUNCTION = YES;
				GCC_WARN_UNUSED_VARIABLE = YES;
				HEADER_SEARCH_PATHS = "\"$(BUILD_ROOT)/../IntermediateBuildFilesPath/UninstalledProducts\"";
				MACOSX_DEPLOYMENT_TARGET = 10.10;
				MTL_ENABLE_DEBUG_INFO = NO;
				SDKROOT = macosx;
			};
			name = Release;
		};
		1E0419CA1C76EAE700877DA5 /* Debug */ = {
			isa = XCBuildConfiguration;
			buildSettings = {
				CODE_SIGN_ENTITLEMENTS = "MediaInfoDemo-ObjC/MediaInfoDemo.entitlements";
				CODE_SIGN_IDENTITY = "Developer ID Application";
				COMBINE_HIDPI_IMAGES = YES;
				INFOPLIST_FILE = "$(SRCROOT)/MediaInfoDemo-ObjC/Info.plist";
				LD_RUNPATH_SEARCH_PATHS = "$(inherited) @executable_path/../Frameworks";
				MACOSX_DEPLOYMENT_TARGET = 10.10;
				PRODUCT_BUNDLE_IDENTIFIER = "com.jeremyvizzini.MediaInfoDemo-ObjC";
				PRODUCT_NAME = "MediaInfoDemo-ObjC";
			};
			name = Debug;
		};
		1E0419CB1C76EAE700877DA5 /* Release */ = {
			isa = XCBuildConfiguration;
			buildSettings = {
				CODE_SIGN_ENTITLEMENTS = "MediaInfoDemo-ObjC/MediaInfoDemo.entitlements";
				CODE_SIGN_IDENTITY = "Developer ID Application";
				COMBINE_HIDPI_IMAGES = YES;
				INFOPLIST_FILE = "$(SRCROOT)/MediaInfoDemo-ObjC/Info.plist";
				LD_RUNPATH_SEARCH_PATHS = "$(inherited) @executable_path/../Frameworks";
				MACOSX_DEPLOYMENT_TARGET = 10.10;
				PRODUCT_BUNDLE_IDENTIFIER = "com.jeremyvizzini.MediaInfoDemo-ObjC";
				PRODUCT_NAME = "MediaInfoDemo-ObjC";
			};
			name = Release;
		};
/* End XCBuildConfiguration section */

/* Begin XCConfigurationList section */
		1E0419AD1C76EAE700877DA5 /* Build configuration list for PBXProject "MediaInfoDemo-ObjC" */ = {
			isa = XCConfigurationList;
			buildConfigurations = (
				1E0419C71C76EAE700877DA5 /* Debug */,
				1E0419C81C76EAE700877DA5 /* Release */,
			);
			defaultConfigurationIsVisible = 0;
			defaultConfigurationName = Release;
		};
		1E0419C91C76EAE700877DA5 /* Build configuration list for PBXNativeTarget "MediaInfoDemo-ObjC" */ = {
			isa = XCConfigurationList;
			buildConfigurations = (
				1E0419CA1C76EAE700877DA5 /* Debug */,
				1E0419CB1C76EAE700877DA5 /* Release */,
			);
			defaultConfigurationIsVisible = 0;
			defaultConfigurationName = Release;
		};
/* End XCConfigurationList section */
	};
	rootObject = 1E0419AA1C76EAE700877DA5 /* Project object */;
}
